
Microsoft Visual Studio Solution File, Format Version 11.00
# Visual Studio 2010
Project("{FAE04EC0-301F-11D3-BF4B-00C04F79EFBC}") = "AngularDialog", "AngularDialog\AngularDialog.csproj", "{22E64F66-65C1-48E9-8DE5-996B1FF2D136}"
EndProject
Project("{FAE04EC0-301F-11D3-BF4B-00C04F79EFBC}") = "AngularDialogTests", "AngularDialogTests\AngularDialogTests.csproj", "{0DA7BFFE-B76D-46E1-96D7-AA6C8C60F3BA}"
EndProject
Global
	GlobalSection(SolutionConfigurationPlatforms) = preSolution
		Debug|Any CPU = Debug|Any CPU
		Release|Any CPU = Release|Any CPU
	EndGlobalSection
	GlobalSection(ProjectConfigurationPlatforms) = postSolution
		{22E64F66-65C1-48E9-8DE5-996B1FF2D136}.Debug|Any CPU.ActiveCfg = Debug|Any CPU
		{22E64F66-65C1-48E9-8DE5-996B1FF2D136}.Debug|Any CPU.Build.0 = Debug|Any CPU
		{22E64F66-65C1-48E9-8DE5-996B1FF2D136}.Release|Any CPU.ActiveCfg = Release|Any CPU
		{22E64F66-65C1-48E9-8DE5-996B1FF2D136}.Release|Any CPU.Build.0 = Release|Any CPU
		{0DA7BFFE-B76D-46E1-96D7-AA6C8C60F3BA}.Debug|Any CPU.ActiveCfg = Debug|Any CPU
		{0DA7BFFE-B76D-46E1-96D7-AA6C8C60F3BA}.Debug|Any CPU.Build.0 = Debug|Any CPU
		{0DA7BFFE-B76D-46E1-96D7-AA6C8C60F3BA}.Release|Any CPU.ActiveCfg = Release|Any CPU
		{0DA7BFFE-B76D-46E1-96D7-AA6C8C60F3BA}.Release|Any CPU.Build.0 = Release|Any CPU
	EndGlobalSection
	GlobalSection(SolutionProperties) = preSolution
		HideSolutionNode = FALSE
	EndGlobalSection
EndGlobal
